
Microsoft Visual Studio Solution File, Format Version 12.00
# Visual Studio 2012
Project("{FAE04EC0-301F-11D3-BF4B-00C04F79EFBC}") = "Cors", "..\assemblies\CorsModule\Cors.csproj", "{5B66AE6C-6823-48FB-937F-C6A455BE2255}"
EndProject
Project("{2150E333-8FDC-42A3-9474-1A3956D46DE8}") = "Solution Items", "Solution Items", "{25867D23-F12F-44F4-8F96-6C30911E517A}"
	ProjectSection(SolutionItems) = preProject
		csproj.properties = csproj.properties
		csproj.targets = csproj.targets
		CustomDictionary.xml = CustomDictionary.xml
		solution.properties = solution.properties
		solution.targets = solution.targets
	EndProjectSection
EndProject
Project("{FAE04EC0-301F-11D3-BF4B-00C04F79EFBC}") = "UnitTests", "..\assemblies\UnitTests\UnitTests.csproj", "{7297B01A-6C30-4E13-8507-BF3590BA1E91}"
EndProject
Project("{FAE04EC0-301F-11D3-BF4B-00C04F79EFBC}") = "SampleWebApplication", "..\web\SampleWebApplication\SampleWebApplication.csproj", "{C066345F-232F-4910-A137-A2CD03DD076A}"
EndProject
Global
	GlobalSection(SolutionConfigurationPlatforms) = preSolution
		Debug|Any CPU = Debug|Any CPU
		Release|Any CPU = Release|Any CPU
	EndGlobalSection
	GlobalSection(ProjectConfigurationPlatforms) = postSolution
		{5B66AE6C-6823-48FB-937F-C6A455BE2255}.Debug|Any CPU.ActiveCfg = Debug|Any CPU
		{5B66AE6C-6823-48FB-937F-C6A455BE2255}.Debug|Any CPU.Build.0 = Debug|Any CPU
		{5B66AE6C-6823-48FB-937F-C6A455BE2255}.Release|Any CPU.ActiveCfg = Release|Any CPU
		{5B66AE6C-6823-48FB-937F-C6A455BE2255}.Release|Any CPU.Build.0 = Release|Any CPU
		{7297B01A-6C30-4E13-8507-BF3590BA1E91}.Debug|Any CPU.ActiveCfg = Debug|Any CPU
		{7297B01A-6C30-4E13-8507-BF3590BA1E91}.Debug|Any CPU.Build.0 = Debug|Any CPU
		{7297B01A-6C30-4E13-8507-BF3590BA1E91}.Release|Any CPU.ActiveCfg = Release|Any CPU
		{7297B01A-6C30-4E13-8507-BF3590BA1E91}.Release|Any CPU.Build.0 = Release|Any CPU
		{C066345F-232F-4910-A137-A2CD03DD076A}.Debug|Any CPU.ActiveCfg = Debug|Any CPU
		{C066345F-232F-4910-A137-A2CD03DD076A}.Debug|Any CPU.Build.0 = Debug|Any CPU
		{C066345F-232F-4910-A137-A2CD03DD076A}.Release|Any CPU.ActiveCfg = Release|Any CPU
		{C066345F-232F-4910-A137-A2CD03DD076A}.Release|Any CPU.Build.0 = Release|Any CPU
	EndGlobalSection
	GlobalSection(SolutionProperties) = preSolution
		HideSolutionNode = FALSE
	EndGlobalSection
EndGlobal
